
Microsoft Visual Studio Solution File, Format Version 11.00
# Visual Studio 2010
Project("{CC5FD16D-436D-48AD-A40C-5A424C6E3E79}") = "AzureService", "AzureService\AzureService.ccproj", "{92685F1B-0AE5-48F2-97AC-A5EFA42CF2F6}"
EndProject
Project("{FAE04EC0-301F-11D3-BF4B-00C04F79EFBC}") = "BotLabSite", "BotLabSite\BotLabSite.csproj", "{916CDBC6-4089-4A14-BF13-9F22B9ED1520}"
EndProject
Global
	GlobalSection(SolutionConfigurationPlatforms) = preSolution
		Debug|Any CPU = Debug|Any CPU
		Debug|Mixed Platforms = Debug|Mixed Platforms
		Debug|x86 = Debug|x86
		Release|Any CPU = Release|Any CPU
		Release|Mixed Platforms = Release|Mixed Platforms
		Release|x86 = Release|x86
	EndGlobalSection
	GlobalSection(ProjectConfigurationPlatforms) = postSolution
		{92685F1B-0AE5-48F2-97AC-A5EFA42CF2F6}.Debug|Any CPU.ActiveCfg = Debug|Any CPU
		{92685F1B-0AE5-48F2-97AC-A5EFA42CF2F6}.Debug|Any CPU.Build.0 = Debug|Any CPU
		{92685F1B-0AE5-48F2-97AC-A5EFA42CF2F6}.Debug|Mixed Platforms.ActiveCfg = Debug|Any CPU
		{92685F1B-0AE5-48F2-97AC-A5EFA42CF2F6}.Debug|Mixed Platforms.Build.0 = Debug|Any CPU
		{92685F1B-0AE5-48F2-97AC-A5EFA42CF2F6}.Debug|x86.ActiveCfg = Debug|Any CPU
		{92685F1B-0AE5-48F2-97AC-A5EFA42CF2F6}.Release|Any CPU.ActiveCfg = Release|Any CPU
		{92685F1B-0AE5-48F2-97AC-A5EFA42CF2F6}.Release|Any CPU.Build.0 = Release|Any CPU
		{92685F1B-0AE5-48F2-97AC-A5EFA42CF2F6}.Release|Mixed Platforms.ActiveCfg = Release|Any CPU
		{92685F1B-0AE5-48F2-97AC-A5EFA42CF2F6}.Release|Mixed Platforms.Build.0 = Release|Any CPU
		{92685F1B-0AE5-48F2-97AC-A5EFA42CF2F6}.Release|x86.ActiveCfg = Release|Any CPU
		{916CDBC6-4089-4A14-BF13-9F22B9ED1520}.Debug|Any CPU.ActiveCfg = Debug|Any CPU
		{916CDBC6-4089-4A14-BF13-9F22B9ED1520}.Debug|Any CPU.Build.0 = Debug|Any CPU
		{916CDBC6-4089-4A14-BF13-9F22B9ED1520}.Debug|Mixed Platforms.ActiveCfg = Debug|Any CPU
		{916CDBC6-4089-4A14-BF13-9F22B9ED1520}.Debug|Mixed Platforms.Build.0 = Debug|Any CPU
		{916CDBC6-4089-4A14-BF13-9F22B9ED1520}.Debug|x86.ActiveCfg = Debug|Any CPU
		{916CDBC6-4089-4A14-BF13-9F22B9ED1520}.Release|Any CPU.ActiveCfg = Release|Any CPU
		{916CDBC6-4089-4A14-BF13-9F22B9ED1520}.Release|Any CPU.Build.0 = Release|Any CPU
		{916CDBC6-4089-4A14-BF13-9F22B9ED1520}.Release|Mixed Platforms.ActiveCfg = Release|Any CPU
		{916CDBC6-4089-4A14-BF13-9F22B9ED1520}.Release|Mixed Platforms.Build.0 = Release|Any CPU
		{916CDBC6-4089-4A14-BF13-9F22B9ED1520}.Release|x86.ActiveCfg = Release|Any CPU
	EndGlobalSection
	GlobalSection(SolutionProperties) = preSolution
		HideSolutionNode = FALSE
	EndGlobalSection
EndGlobal
